
Microsoft Visual Studio Solution File, Format Version 12.00
# Visual Studio Version 17
VisualStudioVersion = 17.8.34322.80
MinimumVisualStudioVersion = 10.0.40219.1
Project("{FAE04EC0-301F-11D3-BF4B-00C04F79EFBC}") = "MyContacts", "MyContacts.csproj", "{86DE952E-80F9-439F-B7BF-3558122CA6EE}"
EndProject
Global
	GlobalSection(SolutionConfigurationPlatforms) = preSolution
		Debug|Any CPU = Debug|Any CPU
		Release|Any CPU = Release|Any CPU
	EndGlobalSection
	GlobalSection(ProjectConfigurationPlatforms) = postSolution
		{86DE952E-80F9-439F-B7BF-3558122CA6EE}.Debug|Any CPU.ActiveCfg = Debug|Any CPU
		{86DE952E-80F9-439F-B7BF-3558122CA6EE}.Debug|Any CPU.Build.0 = Debug|Any CPU
		{86DE952E-80F9-439F-B7BF-3558122CA6EE}.Release|Any CPU.ActiveCfg = Release|Any CPU
		{86DE952E-80F9-439F-B7BF-3558122CA6EE}.Release|Any CPU.Build.0 = Release|Any CPU
	EndGlobalSection
	GlobalSection(SolutionProperties) = preSolution
		HideSolutionNode = FALSE
	EndGlobalSection
	GlobalSection(ExtensibilityGlobals) = postSolution
		SolutionGuid = {6015EA12-7CEF-4233-8EFA-357A8CBE8C19}
	EndGlobalSection
EndGlobal
